// !$*UTF8*$!
{
	archiveVersion = 1;
	classes = {
	};
	objectVersion = 56;
	objects = {

/* Begin PBXBuildFile section */
		F63F4D012A90A9640044D298 /* NoteTrackApp.swift in Sources */ = {isa = PBXBuildFile; fileRef = F63F4D002A90A9640044D298 /* NoteTrackApp.swift */; };
		F63F4D032A90A9640044D298 /* ContentView.swift in Sources */ = {isa = PBXBuildFile; fileRef = F63F4D022A90A9640044D298 /* ContentView.swift */; };
		F63F4D052A90A9650044D298 /* Assets.xcassets in Resources */ = {isa = PBXBuildFile; fileRef = F63F4D042A90A9650044D298 /* Assets.xcassets */; };
		F63F4D082A90A9650044D298 /* Preview Assets.xcassets in Resources */ = {isa = PBXBuildFile; fileRef = F63F4D072A90A9650044D298 /* Preview Assets.xcassets */; };
		F63F4D0A2A90A9650044D298 /* Persistence.swift in Sources */ = {isa = PBXBuildFile; fileRef = F63F4D092A90A9650044D298 /* Persistence.swift */; };
		F63F4D0D2A90A9650044D298 /* NoteTrack.xcdatamodeld in Sources */ = {isa = PBXBuildFile; fileRef = F63F4D0B2A90A9650044D298 /* NoteTrack.xcdatamodeld */; };
		F63F4D182A90A9650044D298 /* NoteTrackTests.swift in Sources */ = {isa = PBXBuildFile; fileRef = F63F4D172A90A9650044D298 /* NoteTrackTests.swift */; };
		F63F4D222A90A9650044D298 /* NoteTrackUITests.swift in Sources */ = {isa = PBXBuildFile; fileRef = F63F4D212A90A9650044D298 /* NoteTrackUITests.swift */; };
		F63F4D242A90A9650044D298 /* NoteTrackUITestsLaunchTests.swift in Sources */ = {isa = PBXBuildFile; fileRef = F63F4D232A90A9650044D298 /* NoteTrackUITestsLaunchTests.swift */; };
/* End PBXBuildFile section */

/* Begin PBXContainerItemProxy section */
		F63F4D142A90A9650044D298 /* PBXContainerItemProxy */ = {
			isa = PBXContainerItemProxy;
			containerPortal = F63F4CF52A90A9640044D298 /* Project object */;
			proxyType = 1;
			remoteGlobalIDString = F63F4CFC2A90A9640044D298;
			remoteInfo = NoteTrack;
		};
		F63F4D1E2A90A9650044D298 /* PBXContainerItemProxy */ = {
			isa = PBXContainerItemProxy;
			containerPortal = F63F4CF52A90A9640044D298 /* Project object */;
			proxyType = 1;
			remoteGlobalIDString = F63F4CFC2A90A9640044D298;
			remoteInfo = NoteTrack;
		};
/* End PBXContainerItemProxy section */

/* Begin PBXFileReference section */
		F63F4CFD2A90A9640044D298 /* NoteTrack.app */ = {isa = PBXFileReference; explicitFileType = wrapper.application; includeInIndex = 0; path = NoteTrack.app; sourceTree = BUILT_PRODUCTS_DIR; };
		F63F4D002A90A9640044D298 /* NoteTrackApp.swift */ = {isa = PBXFileReference; lastKnownFileType = sourcecode.swift; path = NoteTrackApp.swift; sourceTree = "<group>"; };
		F63F4D022A90A9640044D298 /* ContentView.swift */ = {isa = PBXFileReference; lastKnownFileType = sourcecode.swift; path = ContentView.swift; sourceTree = "<group>"; };
		F63F4D042A90A9650044D298 /* Assets.xcassets */ = {isa = PBXFileReference; lastKnownFileType = folder.assetcatalog; path = Assets.xcassets; sourceTree = "<group>"; };
		F63F4D072A90A9650044D298 /* Preview Assets.xcassets */ = {isa = PBXFileReference; lastKnownFileType = folder.assetcatalog; path = "Preview Assets.xcassets"; sourceTree = "<group>"; };
		F63F4D092A90A9650044D298 /* Persistence.swift */ = {isa = PBXFileReference; lastKnownFileType = sourcecode.swift; path = Persistence.swift; sourceTree = "<group>"; };
		F63F4D0C2A90A9650044D298 /* NoteTrack.xcdatamodel */ = {isa = PBXFileReference; lastKnownFileType = wrapper.xcdatamodel; path = NoteTrack.xcdatamodel; sourceTree = "<group>"; };
		F63F4D0E2A90A9650044D298 /* Info.plist */ = {isa = PBXFileReference; lastKnownFileType = text.plist.xml; path = Info.plist; sourceTree = "<group>"; };
		F63F4D132A90A9650044D298 /* NoteTrackTests.xctest */ = {isa = PBXFileReference; explicitFileType = wrapper.cfbundle; includeInIndex = 0; path = NoteTrackTests.xctest; sourceTree = BUILT_PRODUCTS_DIR; };
		F63F4D172A90A9650044D298 /* NoteTrackTests.swift */ = {isa = PBXFileReference; lastKnownFileType = sourcecode.swift; path = NoteTrackTests.swift; sourceTree = "<group>"; };
		F63F4D1D2A90A9650044D298 /* NoteTrackUITests.xctest */ = {isa = PBXFileReference; explicitFileType = wrapper.cfbundle; includeInIndex = 0; path = NoteTrackUITests.xctest; sourceTree = BUILT_PRODUCTS_DIR; };
		F63F4D212A90A9650044D298 /* NoteTrackUITests.swift */ = {isa = PBXFileReference; lastKnownFileType = sourcecode.swift; path = NoteTrackUITests.swift; sourceTree = "<group>"; };
		F63F4D232A90A9650044D298 /* NoteTrackUITestsLaunchTests.swift */ = {isa = PBXFileReference; lastKnownFileType = sourcecode.swift; path = NoteTrackUITestsLaunchTests.swift; sourceTree = "<group>"; };
/* End PBXFileReference section */

/* Begin PBXFrameworksBuildPhase section */
		F63F4CFA2A90A9640044D298 /* Frameworks */ = {
			isa = PBXFrameworksBuildPhase;
			buildActionMask = 2147483647;
			files = (
			);
			runOnlyForDeploymentPostprocessing = 0;
		};
		F63F4D102A90A9650044D298 /* Frameworks */ = {
			isa = PBXFrameworksBuildPhase;
			buildActionMask = 2147483647;
			files = (
			);
			runOnlyForDeploymentPostprocessing = 0;
		};
		F63F4D1A2A90A9650044D298 /* Frameworks */ = {
			isa = PBXFrameworksBuildPhase;
			buildActionMask = 2147483647;
			files = (
			);
			runOnlyForDeploymentPostprocessing = 0;
		};
/* End PBXFrameworksBuildPhase section */

/* Begin PBXGroup section */
		F63F4CF42A90A9640044D298 = {
			isa = PBXGroup;
			children = (
				F63F4CFF2A90A9640044D298 /* NoteTrack */,
				F63F4D162A90A9650044D298 /* NoteTrackTests */,
				F63F4D202A90A9650044D298 /* NoteTrackUITests */,
				F63F4CFE2A90A9640044D298 /* Products */,
			);
			sourceTree = "<group>";
		};
		F63F4CFE2A90A9640044D298 /* Products */ = {
			isa = PBXGroup;
			children = (
				F63F4CFD2A90A9640044D298 /* NoteTrack.app */,
				F63F4D132A90A9650044D298 /* NoteTrackTests.xctest */,
				F63F4D1D2A90A9650044D298 /* NoteTrackUITests.xctest */,
			);
			name = Products;
			sourceTree = "<group>";
		};
		F63F4CFF2A90A9640044D298 /* NoteTrack */ = {
			isa = PBXGroup;
			children = (
				F63F4D002A90A9640044D298 /* NoteTrackApp.swift */,
				F63F4D022A90A9640044D298 /* ContentView.swift */,
				F63F4D042A90A9650044D298 /* Assets.xcassets */,
				F63F4D092A90A9650044D298 /* Persistence.swift */,
				F63F4D0E2A90A9650044D298 /* Info.plist */,
				F63F4D0B2A90A9650044D298 /* NoteTrack.xcdatamodeld */,
				F63F4D062A90A9650044D298 /* Preview Content */,
			);
			path = NoteTrack;
			sourceTree = "<group>";
		};
		F63F4D062A90A9650044D298 /* Preview Content */ = {
			isa = PBXGroup;
			children = (
				F63F4D072A90A9650044D298 /* Preview Assets.xcassets */,
			);
			path = "Preview Content";
			sourceTree = "<group>";
		};
		F63F4D162A90A9650044D298 /* NoteTrackTests */ = {
			isa = PBXGroup;
			children = (
				F63F4D172A90A9650044D298 /* NoteTrackTests.swift */,
			);
			path = NoteTrackTests;
			sourceTree = "<group>";
		};
		F63F4D202A90A9650044D298 /* NoteTrackUITests */ = {
			isa = PBXGroup;
			children = (
				F63F4D212A90A9650044D298 /* NoteTrackUITests.swift */,
				F63F4D232A90A9650044D298 /* NoteTrackUITestsLaunchTests.swift */,
			);
			path = NoteTrackUITests;
			sourceTree = "<group>";
		};
/* End PBXGroup section */

/* Begin PBXNativeTarget section */
		F63F4CFC2A90A9640044D298 /* NoteTrack */ = {
			isa = PBXNativeTarget;
			buildConfigurationList = F63F4D272A90A9650044D298 /* Build configuration list for PBXNativeTarget "NoteTrack" */;
			buildPhases = (
				F63F4CF92A90A9640044D298 /* Sources */,
				F63F4CFA2A90A9640044D298 /* Frameworks */,
				F63F4CFB2A90A9640044D298 /* Resources */,
			);
			buildRules = (
			);
			dependencies = (
			);
			name = NoteTrack;
			productName = NoteTrack;
			productReference = F63F4CFD2A90A9640044D298 /* NoteTrack.app */;
			productType = "com.apple.product-type.application";
		};
		F63F4D122A90A9650044D298 /* NoteTrackTests */ = {
			isa = PBXNativeTarget;
			buildConfigurationList = F63F4D2A2A90A9650044D298 /* Build configuration list for PBXNativeTarget "NoteTrackTests" */;
			buildPhases = (
				F63F4D0F2A90A9650044D298 /* Sources */,
				F63F4D102A90A9650044D298 /* Frameworks */,
				F63F4D112A90A9650044D298 /* Resources */,
			);
			buildRules = (
			);
			dependencies = (
				F63F4D152A90A9650044D298 /* PBXTargetDependency */,
			);
			name = NoteTrackTests;
			productName = NoteTrackTests;
			productReference = F63F4D132A90A9650044D298 /* NoteTrackTests.xctest */;
			productType = "com.apple.product-type.bundle.unit-test";
		};
		F63F4D1C2A90A9650044D298 /* NoteTrackUITests */ = {
			isa = PBXNativeTarget;
			buildConfigurationList = F63F4D2D2A90A9650044D298 /* Build configuration list for PBXNativeTarget "NoteTrackUITests" */;
			buildPhases = (
				F63F4D192A90A9650044D298 /* Sources */,
				F63F4D1A2A90A9650044D298 /* Frameworks */,
				F63F4D1B2A90A9650044D298 /* Resources */,
			);
			buildRules = (
			);
			dependencies = (
				F63F4D1F2A90A9650044D298 /* PBXTargetDependency */,
			);
			name = NoteTrackUITests;
			productName = NoteTrackUITests;
			productReference = F63F4D1D2A90A9650044D298 /* NoteTrackUITests.xctest */;
			productType = "com.apple.product-type.bundle.ui-testing";
		};
/* End PBXNativeTarget section */

/* Begin PBXProject section */
		F63F4CF52A90A9640044D298 /* Project object */ = {
			isa = PBXProject;
			attributes = {
				BuildIndependentTargetsInParallel = 1;
				LastSwiftUpdateCheck = 1430;
				LastUpgradeCheck = 1430;
				TargetAttributes = {
					F63F4CFC2A90A9640044D298 = {
						CreatedOnToolsVersion = 14.3.1;
					};
					F63F4D122A90A9650044D298 = {
						CreatedOnToolsVersion = 14.3.1;
						TestTargetID = F63F4CFC2A90A9640044D298;
					};
					F63F4D1C2A90A9650044D298 = {
						CreatedOnToolsVersion = 14.3.1;
						TestTargetID = F63F4CFC2A90A9640044D298;
					};
				};
			};
			buildConfigurationList = F63F4CF82A90A9640044D298 /* Build configuration list for PBXProject "NoteTrack" */;
			compatibilityVersion = "Xcode 14.0";
			developmentRegion = en;
			hasScannedForEncodings = 0;
			knownRegions = (
				en,
				Base,
			);
			mainGroup = F63F4CF42A90A9640044D298;
			productRefGroup = F63F4CFE2A90A9640044D298 /* Products */;
			projectDirPath = "";
			projectRoot = "";
			targets = (
				F63F4CFC2A90A9640044D298 /* NoteTrack */,
				F63F4D122A90A9650044D298 /* NoteTrackTests */,
				F63F4D1C2A90A9650044D298 /* NoteTrackUITests */,
			);
		};
/* End PBXProject section */

/* Begin PBXResourcesBuildPhase section */
		F63F4CFB2A90A9640044D298 /* Resources */ = {
			isa = PBXResourcesBuildPhase;
			buildActionMask = 2147483647;
			files = (
				F63F4D082A90A9650044D298 /* Preview Assets.xcassets in Resources */,
				F63F4D052A90A9650044D298 /* Assets.xcassets in Resources */,
			);
			runOnlyForDeploymentPostprocessing = 0;
		};
		F63F4D112A90A9650044D298 /* Resources */ = {
			isa = PBXResourcesBuildPhase;
			buildActionMask = 2147483647;
			files = (
			);
			runOnlyForDeploymentPostprocessing = 0;
		};
		F63F4D1B2A90A9650044D298 /* Resources */ = {
			isa = PBXResourcesBuildPhase;
			buildActionMask = 2147483647;
			files = (
			);
			runOnlyForDeploymentPostprocessing = 0;
		};
/* End PBXResourcesBuildPhase section */

/* Begin PBXSourcesBuildPhase section */
		F63F4CF92A90A9640044D298 /* Sources */ = {
			isa = PBXSourcesBuildPhase;
			buildActionMask = 2147483647;
			files = (
				F63F4D0A2A90A9650044D298 /* Persistence.swift in Sources */,
				F63F4D0D2A90A9650044D298 /* NoteTrack.xcdatamodeld in Sources */,
				F63F4D032A90A9640044D298 /* ContentView.swift in Sources */,
				F63F4D012A90A9640044D298 /* NoteTrackApp.swift in Sources */,
			);
			runOnlyForDeploymentPostprocessing = 0;
		};
		F63F4D0F2A90A9650044D298 /* Sources */ = {
			isa = PBXSourcesBuildPhase;
			buildActionMask = 2147483647;
			files = (
				F63F4D182A90A9650044D298 /* NoteTrackTests.swift in Sources */,
			);
			runOnlyForDeploymentPostprocessing = 0;
		};
		F63F4D192A90A9650044D298 /* Sources */ = {
			isa = PBXSourcesBuildPhase;
			buildActionMask = 2147483647;
			files = (
				F63F4D242A90A9650044D298 /* NoteTrackUITestsLaunchTests.swift in Sources */,
				F63F4D222A90A9650044D298 /* NoteTrackUITests.swift in Sources */,
			);
			runOnlyForDeploymentPostprocessing = 0;
		};
/* End PBXSourcesBuildPhase section */

/* Begin PBXTargetDependency section */
		F63F4D152A90A9650044D298 /* PBXTargetDependency */ = {
			isa = PBXTargetDependency;
			target = F63F4CFC2A90A9640044D298 /* NoteTrack */;
			targetProxy = F63F4D142A90A9650044D298 /* PBXContainerItemProxy */;
		};
		F63F4D1F2A90A9650044D298 /* PBXTargetDependency */ = {
			isa = PBXTargetDependency;
			target = F63F4CFC2A90A9640044D298 /* NoteTrack */;
			targetProxy = F63F4D1E2A90A9650044D298 /* PBXContainerItemProxy */;
		};
/* End PBXTargetDependency section */

/* Begin XCBuildConfiguration section */
		F63F4D252A90A9650044D298 /* Debug */ = {
			isa = XCBuildConfiguration;
			buildSettings = {
				ALWAYS_SEARCH_USER_PATHS = NO;
				CLANG_ANALYZER_NONNULL = YES;
				CLANG_ANALYZER_NUMBER_OBJECT_CONVERSION = YES_AGGRESSIVE;
				CLANG_CXX_LANGUAGE_STANDARD = "gnu++20";
				CLANG_ENABLE_MODULES = YES;
				CLANG_ENABLE_OBJC_ARC = YES;
				CLANG_ENABLE_OBJC_WEAK = YES;
				CLANG_WARN_BLOCK_CAPTURE_AUTORELEASING = YES;
				CLANG_WARN_BOOL_CONVERSION = YES;
				CLANG_WARN_COMMA = YES;
				CLANG_WARN_CONSTANT_CONVERSION = YES;
				CLANG_WARN_DEPRECATED_OBJC_IMPLEMENTATIONS = YES;
				CLANG_WARN_DIRECT_OBJC_ISA_USAGE = YES_ERROR;
				CLANG_WARN_DOCUMENTATION_COMMENTS = YES;
				CLANG_WARN_EMPTY_BODY = YES;
				CLANG_WARN_ENUM_CONVERSION = YES;
				CLANG_WARN_INFINITE_RECURSION = YES;
				CLANG_WARN_INT_CONVERSION = YES;
				CLANG_WARN_NON_LITERAL_NULL_CONVERSION = YES;
				CLANG_WARN_OBJC_IMPLICIT_RETAIN_SELF = YES;
				CLANG_WARN_OBJC_LITERAL_CONVERSION = YES;
				CLANG_WARN_OBJC_ROOT_CLASS = YES_ERROR;
				CLANG_WARN_QUOTED_INCLUDE_IN_FRAMEWORK_HEADER = YES;
				CLANG_WARN_RANGE_LOOP_ANALYSIS = YES;
				CLANG_WARN_STRICT_PROTOTYPES = YES;
				CLANG_WARN_SUSPICIOUS_MOVE = YES;
				CLANG_WARN_UNGUARDED_AVAILABILITY = YES_AGGRESSIVE;
				CLANG_WARN_UNREACHABLE_CODE = YES;
				CLANG_WARN__DUPLICATE_METHOD_MATCH = YES;
				COPY_PHASE_STRIP = NO;
				DEBUG_INFORMATION_FORMAT = dwarf;
				ENABLE_STRICT_OBJC_MSGSEND = YES;
				ENABLE_TESTABILITY = YES;
				GCC_C_LANGUAGE_STANDARD = gnu11;
				GCC_DYNAMIC_NO_PIC = NO;
				GCC_NO_COMMON_BLOCKS = YES;
				GCC_OPTIMIZATION_LEVEL = 0;
				GCC_PREPROCESSOR_DEFINITIONS = (
					"DEBUG=1",
					"$(inherited)",
				);
				GCC_WARN_64_TO_32_BIT_CONVERSION = YES;
				GCC_WARN_ABOUT_RETURN_TYPE = YES_ERROR;
				GCC_WARN_UNDECLARED_SELECTOR = YES;
				GCC_WARN_UNINITIALIZED_AUTOS = YES_AGGRESSIVE;
				GCC_WARN_UNUSED_FUNCTION = YES;
				GCC_WARN_UNUSED_VARIABLE = YES;
				IPHONEOS_DEPLOYMENT_TARGET = 16.4;
				MTL_ENABLE_DEBUG_INFO = INCLUDE_SOURCE;
				MTL_FAST_MATH = YES;
				ONLY_ACTIVE_ARCH = YES;
				SDKROOT = iphoneos;
				SWIFT_ACTIVE_COMPILATION_CONDITIONS = DEBUG;
				SWIFT_OPTIMIZATION_LEVEL = "-Onone";
			};
			name = Debug;
		};
		F63F4D262A90A9650044D298 /* Release */ = {
			isa = XCBuildConfiguration;
			buildSettings = {
				ALWAYS_SEARCH_USER_PATHS = NO;
				CLANG_ANALYZER_NONNULL = YES;
				CLANG_ANALYZER_NUMBER_OBJECT_CONVERSION = YES_AGGRESSIVE;
				CLANG_CXX_LANGUAGE_STANDARD = "gnu++20";
				CLANG_ENABLE_MODULES = YES;
				CLANG_ENABLE_OBJC_ARC = YES;
				CLANG_ENABLE_OBJC_WEAK = YES;
				CLANG_WARN_BLOCK_CAPTURE_AUTORELEASING = YES;
				CLANG_WARN_BOOL_CONVERSION = YES;
				CLANG_WARN_COMMA = YES;
				CLANG_WARN_CONSTANT_CONVERSION = YES;
				CLANG_WARN_DEPRECATED_OBJC_IMPLEMENTATIONS = YES;
				CLANG_WARN_DIRECT_OBJC_ISA_USAGE = YES_ERROR;
				CLANG_WARN_DOCUMENTATION_COMMENTS = YES;
				CLANG_WARN_EMPTY_BODY = YES;
				CLANG_WARN_ENUM_CONVERSION = YES;
				CLANG_WARN_INFINITE_RECURSION = YES;
				CLANG_WARN_INT_CONVERSION = YES;
				CLANG_WARN_NON_LITERAL_NULL_CONVERSION = YES;
				CLANG_WARN_OBJC_IMPLICIT_RETAIN_SELF = YES;
				CLANG_WARN_OBJC_LITERAL_CONVERSION = YES;
				CLANG_WARN_OBJC_ROOT_CLASS = YES_ERROR;
				CLANG_WARN_QUOTED_INCLUDE_IN_FRAMEWORK_HEADER = YES;
				CLANG_WARN_RANGE_LOOP_ANALYSIS = YES;
				CLANG_WARN_STRICT_PROTOTYPES = YES;
				CLANG_WARN_SUSPICIOUS_MOVE = YES;
				CLANG_WARN_UNGUARDED_AVAILABILITY = YES_AGGRESSIVE;
				CLANG_WARN_UNREACHABLE_CODE = YES;
				CLANG_WARN__DUPLICATE_METHOD_MATCH = YES;
				COPY_PHASE_STRIP = NO;
				DEBUG_INFORMATION_FORMAT = "dwarf-with-dsym";
				ENABLE_NS_ASSERTIONS = NO;
				ENABLE_STRICT_OBJC_MSGSEND = YES;
				GCC_C_LANGUAGE_STANDARD = gnu11;
				GCC_NO_COMMON_BLOCKS = YES;
				GCC_WARN_64_TO_32_BIT_CONVERSION = YES;
				GCC_WARN_ABOUT_RETURN_TYPE = YES_ERROR;
				GCC_WARN_UNDECLARED_SELECTOR = YES;
				GCC_WARN_UNINITIALIZED_AUTOS = YES_AGGRESSIVE;
				GCC_WARN_UNUSED_FUNCTION = YES;
				GCC_WARN_UNUSED_VARIABLE = YES;
				IPHONEOS_DEPLOYMENT_TARGET = 16.4;
				MTL_ENABLE_DEBUG_INFO = NO;
				MTL_FAST_MATH = YES;
				SDKROOT = iphoneos;
				SWIFT_COMPILATION_MODE = wholemodule;
				SWIFT_OPTIMIZATION_LEVEL = "-O";
				VALIDATE_PRODUCT = YES;
			};
			name = Release;
		};
		F63F4D282A90A9650044D298 /* Debug */ = {
			isa = XCBuildConfiguration;
			buildSettings = {
				ASSETCATALOG_COMPILER_APPICON_NAME = AppIcon;
				ASSETCATALOG_COMPILER_GLOBAL_ACCENT_COLOR_NAME = AccentColor;
				CODE_SIGN_STYLE = Automatic;
				CURRENT_PROJECT_VERSION = 1;
				DEVELOPMENT_ASSET_PATHS = "\"NoteTrack/Preview Content\"";
				ENABLE_PREVIEWS = YES;
				GENERATE_INFOPLIST_FILE = YES;
				INFOPLIST_KEY_UIApplicationSceneManifest_Generation = YES;
				INFOPLIST_KEY_UIApplicationSupportsIndirectInputEvents = YES;
				INFOPLIST_KEY_UILaunchScreen_Generation = YES;
				INFOPLIST_KEY_UISupportedInterfaceOrientations_iPad = "UIInterfaceOrientationPortrait UIInterfaceOrientationPortraitUpsideDown UIInterfaceOrientationLandscapeLeft UIInterfaceOrientationLandscapeRight";
				INFOPLIST_KEY_UISupportedInterfaceOrientations_iPhone = "UIInterfaceOrientationPortrait UIInterfaceOrientationLandscapeLeft UIInterfaceOrientationLandscapeRight";
				LD_RUNPATH_SEARCH_PATHS = (
					"$(inherited)",
					"@executable_path/Frameworks",
				);
				MARKETING_VERSION = 1.0;
				PRODUCT_BUNDLE_IDENTIFIER = TanvirAhmodRafi.NoteTrack;
				PRODUCT_NAME = "$(TARGET_NAME)";
				SWIFT_EMIT_LOC_STRINGS = YES;
				SWIFT_VERSION = 5.0;
				TARGETED_DEVICE_FAMILY = "1,2";
			};
			name = Debug;
		};
		F63F4D292A90A9650044D298 /* Release */ = {
			isa = XCBuildConfiguration;
			buildSettings = {
				ASSETCATALOG_COMPILER_APPICON_NAME = AppIcon;
				ASSETCATALOG_COMPILER_GLOBAL_ACCENT_COLOR_NAME = AccentColor;
				CODE_SIGN_STYLE = Automatic;
				CURRENT_PROJECT_VERSION = 1;
				DEVELOPMENT_ASSET_PATHS = "\"NoteTrack/Preview Content\"";
				ENABLE_PREVIEWS = YES;
				GENERATE_INFOPLIST_FILE = YES;
				INFOPLIST_KEY_UIApplicationSceneManifest_Generation = YES;
				INFOPLIST_KEY_UIApplicationSupportsIndirectInputEvents = YES;
				INFOPLIST_KEY_UILaunchScreen_Generation = YES;
				INFOPLIST_KEY_UISupportedInterfaceOrientations_iPad = "UIInterfaceOrientationPortrait UIInterfaceOrientationPortraitUpsideDown UIInterfaceOrientationLandscapeLeft UIInterfaceOrientationLandscapeRight";
				INFOPLIST_KEY_UISupportedInterfaceOrientations_iPhone = "UIInterfaceOrientationPortrait UIInterfaceOrientationLandscapeLeft UIInterfaceOrientationLandscapeRight";
				LD_RUNPATH_SEARCH_PATHS = (
					"$(inherited)",
					"@executable_path/Frameworks",
				);
				MARKETING_VERSION = 1.0;
				PRODUCT_BUNDLE_IDENTIFIER = TanvirAhmodRafi.NoteTrack;
				PRODUCT_NAME = "$(TARGET_NAME)";
				SWIFT_EMIT_LOC_STRINGS = YES;
				SWIFT_VERSION = 5.0;
				TARGETED_DEVICE_FAMILY = "1,2";
			};
			name = Release;
		};
		F63F4D2B2A90A9650044D298 /* Debug */ = {
			isa = XCBuildConfiguration;
			buildSettings = {
				ALWAYS_EMBED_SWIFT_STANDARD_LIBRARIES = YES;
				BUNDLE_LOADER = "$(TEST_HOST)";
				CODE_SIGN_STYLE = Automatic;
				CURRENT_PROJECT_VERSION = 1;
				GENERATE_INFOPLIST_FILE = YES;
				IPHONEOS_DEPLOYMENT_TARGET = 16.4;
				MARKETING_VERSION = 1.0;
				PRODUCT_BUNDLE_IDENTIFIER = TanvirAhmodRafi.NoteTrackTests;
				PRODUCT_NAME = "$(TARGET_NAME)";
				SWIFT_EMIT_LOC_STRINGS = NO;
				SWIFT_VERSION = 5.0;
				TARGETED_DEVICE_FAMILY = "1,2";
				TEST_HOST = "$(BUILT_PRODUCTS_DIR)/NoteTrack.app/$(BUNDLE_EXECUTABLE_FOLDER_PATH)/NoteTrack";
			};
			name = Debug;
		};
		F63F4D2C2A90A9650044D298 /* Release */ = {
			isa = XCBuildConfiguration;
			buildSettings = {
				ALWAYS_EMBED_SWIFT_STANDARD_LIBRARIES = YES;
				BUNDLE_LOADER = "$(TEST_HOST)";
				CODE_SIGN_STYLE = Automatic;
				CURRENT_PROJECT_VERSION = 1;
				GENERATE_INFOPLIST_FILE = YES;
				IPHONEOS_DEPLOYMENT_TARGET = 16.4;
				MARKETING_VERSION = 1.0;
				PRODUCT_BUNDLE_IDENTIFIER = TanvirAhmodRafi.NoteTrackTests;
				PRODUCT_NAME = "$(TARGET_NAME)";
				SWIFT_EMIT_LOC_STRINGS = NO;
				SWIFT_VERSION = 5.0;
				TARGETED_DEVICE_FAMILY = "1,2";
				TEST_HOST = "$(BUILT_PRODUCTS_DIR)/NoteTrack.app/$(BUNDLE_EXECUTABLE_FOLDER_PATH)/NoteTrack";
			};
			name = Release;
		};
		F63F4D2E2A90A9650044D298 /* Debug */ = {
			isa = XCBuildConfiguration;
			buildSettings = {
				ALWAYS_EMBED_SWIFT_STANDARD_LIBRARIES = YES;
				CODE_SIGN_STYLE = Automatic;
				CURRENT_PROJECT_VERSION = 1;
				GENERATE_INFOPLIST_FILE = YES;
				MARKETING_VERSION = 1.0;
				PRODUCT_BUNDLE_IDENTIFIER = TanvirAhmodRafi.NoteTrackUITests;
				PRODUCT_NAME = "$(TARGET_NAME)";
				SWIFT_EMIT_LOC_STRINGS = NO;
				SWIFT_VERSION = 5.0;
				TARGETED_DEVICE_FAMILY = "1,2";
				TEST_TARGET_NAME = NoteTrack;
			};
			name = Debug;
		};
		F63F4D2F2A90A9650044D298 /* Release */ = {
			isa = XCBuildConfiguration;
			buildSettings = {
				ALWAYS_EMBED_SWIFT_STANDARD_LIBRARIES = YES;
				CODE_SIGN_STYLE = Automatic;
				CURRENT_PROJECT_VERSION = 1;
				GENERATE_INFOPLIST_FILE = YES;
				MARKETING_VERSION = 1.0;
				PRODUCT_BUNDLE_IDENTIFIER = TanvirAhmodRafi.NoteTrackUITests;
				PRODUCT_NAME = "$(TARGET_NAME)";
				SWIFT_EMIT_LOC_STRINGS = NO;
				SWIFT_VERSION = 5.0;
				TARGETED_DEVICE_FAMILY = "1,2";
				TEST_TARGET_NAME = NoteTrack;
			};
			name = Release;
		};
/* End XCBuildConfiguration section */

/* Begin XCConfigurationList section */
		F63F4CF82A90A9640044D298 /* Build configuration list for PBXProject "NoteTrack" */ = {
			isa = XCConfigurationList;
			buildConfigurations = (
				F63F4D252A90A9650044D298 /* Debug */,
				F63F4D262A90A9650044D298 /* Release */,
			);
			defaultConfigurationIsVisible = 0;
			defaultConfigurationName = Release;
		};
		F63F4D272A90A9650044D298 /* Build configuration list for PBXNativeTarget "NoteTrack" */ = {
			isa = XCConfigurationList;
			buildConfigurations = (
				F63F4D282A90A9650044D298 /* Debug */,
				F63F4D292A90A9650044D298 /* Release */,
			);
			defaultConfigurationIsVisible = 0;
			defaultConfigurationName = Release;
		};
		F63F4D2A2A90A9650044D298 /* Build configuration list for PBXNativeTarget "NoteTrackTests" */ = {
			isa = XCConfigurationList;
			buildConfigurations = (
				F63F4D2B2A90A9650044D298 /* Debug */,
				F63F4D2C2A90A9650044D298 /* Release */,
			);
			defaultConfigurationIsVisible = 0;
			defaultConfigurationName = Release;
		};
		F63F4D2D2A90A9650044D298 /* Build configuration list for PBXNativeTarget "NoteTrackUITests" */ = {
			isa = XCConfigurationList;
			buildConfigurations = (
				F63F4D2E2A90A9650044D298 /* Debug */,
				F63F4D2F2A90A9650044D298 /* Release */,
			);
			defaultConfigurationIsVisible = 0;
			defaultConfigurationName = Release;
		};
/* End XCConfigurationList section */

/* Begin XCVersionGroup section */
		F63F4D0B2A90A9650044D298 /* NoteTrack.xcdatamodeld */ = {
			isa = XCVersionGroup;
			children = (
				F63F4D0C2A90A9650044D298 /* NoteTrack.xcdatamodel */,
			);
			currentVersion = F63F4D0C2A90A9650044D298 /* NoteTrack.xcdatamodel */;
			path = NoteTrack.xcdatamodeld;
			sourceTree = "<group>";
			versionGroupType = wrapper.xcdatamodel;
		};
/* End XCVersionGroup section */
	};
	rootObject = F63F4CF52A90A9640044D298 /* Project object */;
}
